
Microsoft Visual Studio Solution File, Format Version 12.00
# Visual Studio Version 16
VisualStudioVersion = 16.0.34031.81
MinimumVisualStudioVersion = 10.0.40219.1
Project("{2150E333-8FDC-42A3-9474-1A3956D46DE8}") = "Task0", "Task0", "{906414A4-C912-41D4-9DB4-886065E6773E}"
EndProject
Project("{FAE04EC0-301F-11D3-BF4B-00C04F79EFBC}") = "Tyuiu.MalsagovUA.Sprint6.Task0.V27.Lib", "Tyuiu.MalsagovUA.Sprint6.Task0.V27.Lib\Tyuiu.MalsagovUA.Sprint6.Task0.V27.Lib.csproj", "{E7201AD3-D0CA-4197-AFBF-30A300DAA4B2}"
EndProject
Project("{FAE04EC0-301F-11D3-BF4B-00C04F79EFBC}") = "Tyuiu.MalsagovUA.Sprint6.Task0.V27.Test", "Tyuiu.MalsagovUA.Sprint6.Task0.V27.Test\Tyuiu.MalsagovUA.Sprint6.Task0.V27.Test.csproj", "{0B65CDB9-3D8D-4DBB-85F7-89D9600A4EE7}"
EndProject
Project("{FAE04EC0-301F-11D3-BF4B-00C04F79EFBC}") = "Tyuiu.MalsagovUA.Sprint6.Task0.V27", "Tyuiu.MalsagovUA.Sprint6.Task0.V27\Tyuiu.MalsagovUA.Sprint6.Task0.V27.csproj", "{95992BFF-B2B6-46F7-A635-CA592F0E468F}"
EndProject
Project("{2150E333-8FDC-42A3-9474-1A3956D46DE8}") = "Task1", "Task1", "{510692A9-9042-4E7D-A9DE-958F13F26FC6}"
EndProject
Project("{FAE04EC0-301F-11D3-BF4B-00C04F79EFBC}") = "Tyuiu.MalsagovUA.Sprint6.Task1.V4", "Tyuiu.MalsagovUA.Sprint6.Task1.V4\Tyuiu.MalsagovUA.Sprint6.Task1.V4.csproj", "{6A424375-0974-48ED-9206-42282E28C8C3}"
EndProject
Project("{FAE04EC0-301F-11D3-BF4B-00C04F79EFBC}") = "Tyuiu.MalsagovUA.Sprint6.Task1.V4.Lib", "Tyuiu.MalsagovUA.Sprint6.Task1.V4.Lib\Tyuiu.MalsagovUA.Sprint6.Task1.V4.Lib.csproj", "{7BBC2547-FDD5-41D4-B2F9-D0CCFF03BEED}"
EndProject
Project("{FAE04EC0-301F-11D3-BF4B-00C04F79EFBC}") = "Tyuiu.MalsagovUA.Sprint6.Task1.V4.Test", "Tyuiu.MalsagovUA.Sprint6.Task1.V4.Test\Tyuiu.MalsagovUA.Sprint6.Task1.V4.Test.csproj", "{63CA5F09-65B8-404A-8821-E45D29262C78}"
EndProject
Project("{2150E333-8FDC-42A3-9474-1A3956D46DE8}") = "Task2", "Task2", "{A092C174-96FF-49CE-AE16-5F1FBC8653AF}"
EndProject
Project("{FAE04EC0-301F-11D3-BF4B-00C04F79EFBC}") = "Tyuiu.MalsagovUA.Sprint6.Task2.V24", "Tyuiu.MalsagovUA.Sprint6.Task2.V24\Tyuiu.MalsagovUA.Sprint6.Task2.V24.csproj", "{2342D246-A43D-441F-8FE5-EDE344EB7E69}"
EndProject
Project("{FAE04EC0-301F-11D3-BF4B-00C04F79EFBC}") = "Tyuiu.MalsagovUA.Sprint6.Task2.V24.Lib", "Tyuiu.MalsagovUA.Sprint6.Task2.V24.Lib\Tyuiu.MalsagovUA.Sprint6.Task2.V24.Lib.csproj", "{73417422-91AC-43DE-B2E0-2F0E2D482BA6}"
EndProject
Project("{FAE04EC0-301F-11D3-BF4B-00C04F79EFBC}") = "Tyuiu.MalsagovUA.Sprint6.Task2.V24.Test", "Tyuiu.MalsagovUA.Sprint6.Task2.V24.Test\Tyuiu.MalsagovUA.Sprint6.Task2.V24.Test.csproj", "{1A7DAB0D-04B5-4999-AF6B-84A04AF6210D}"
EndProject
Project("{2150E333-8FDC-42A3-9474-1A3956D46DE8}") = "Task3", "Task3", "{454DDE0A-BA60-4463-A2FC-28AF24ECD5B4}"
EndProject
Project("{FAE04EC0-301F-11D3-BF4B-00C04F79EFBC}") = "Tyuiu.MalsagovUA.Sprint6.Task3.V28", "Tyuiu.MalsagovUA.Sprint6.Task3.V28\Tyuiu.MalsagovUA.Sprint6.Task3.V28.csproj", "{F3333C13-7BB4-43A5-A50F-B30D7289E377}"
EndProject
Project("{FAE04EC0-301F-11D3-BF4B-00C04F79EFBC}") = "Tyuiu.MalsagovUA.Sprint6.Task3.V28.Lib", "Tyuiu.MalsagovUA.Sprint6.Task3.V28.Lib\Tyuiu.MalsagovUA.Sprint6.Task3.V28.Lib.csproj", "{285A1963-D541-47E7-8C30-85C036A67A4F}"
EndProject
Project("{FAE04EC0-301F-11D3-BF4B-00C04F79EFBC}") = "Tyuiu.MalsagovUA.Sprint6.Task3.V28.Test", "Tyuiu.MalsagovUA.Sprint6.Task3.V28.Test\Tyuiu.MalsagovUA.Sprint6.Task3.V28.Test.csproj", "{A38AD163-D924-448B-BE07-D21DAB7CF2C6}"
EndProject
Project("{2150E333-8FDC-42A3-9474-1A3956D46DE8}") = "Task4", "Task4", "{B21C9116-CDD6-4FD4-85CC-57998AC9308B}"
EndProject
Project("{FAE04EC0-301F-11D3-BF4B-00C04F79EFBC}") = "Tyuiu.MalsagovUA.Sprint6.Task4.V21", "Tyuiu.MalsagovUA.Sprint6.Task4.V21\Tyuiu.MalsagovUA.Sprint6.Task4.V21.csproj", "{AE38CBBE-A1C6-4590-AF9F-E9C30BDA2B41}"
EndProject
Project("{FAE04EC0-301F-11D3-BF4B-00C04F79EFBC}") = "Tyuiu.MalsagovUA.Sprint6.Task4.V21.Lib", "Tyuiu.MalsagovUA.Sprint6.Task4.V21.Lib\Tyuiu.MalsagovUA.Sprint6.Task4.V21.Lib.csproj", "{32648259-3F7D-4D44-9DA3-05439AF6D179}"
EndProject
Project("{FAE04EC0-301F-11D3-BF4B-00C04F79EFBC}") = "Tyuiu.MalsagovUA.Sprint6.Task4.V21.Test", "Tyuiu.MalsagovUA.Sprint6.Task4.V21.Test\Tyuiu.MalsagovUA.Sprint6.Task4.V21.Test.csproj", "{894F9EB2-D144-4BF8-B3B2-1CC3FA5BFB03}"
EndProject
Project("{2150E333-8FDC-42A3-9474-1A3956D46DE8}") = "Task5", "Task5", "{2A8E38C8-2510-45D5-8D79-E14A471B5ED6}"
EndProject
Project("{FAE04EC0-301F-11D3-BF4B-00C04F79EFBC}") = "Tyuiu.MalsagovUA.Sprint6.Task5.V17", "Tyuiu.MalsagovUA.Sprint6.Task5.V17\Tyuiu.MalsagovUA.Sprint6.Task5.V17.csproj", "{DE9CCDB0-32F4-4B9E-9113-FE881315BF6A}"
EndProject
Project("{FAE04EC0-301F-11D3-BF4B-00C04F79EFBC}") = "Tyuiu.MalsagovUA.Sprint6.Task5.V17.Lib", "Tyuiu.MalsagovUA.Sprint6.Task5.V17.Lib\Tyuiu.MalsagovUA.Sprint6.Task5.V17.Lib.csproj", "{21840C61-1699-480F-8400-0FC8DAB61CE4}"
EndProject
Project("{FAE04EC0-301F-11D3-BF4B-00C04F79EFBC}") = "Tyuiu.MalsagovUA.Sprint6.Task5.V17.Test", "Tyuiu.MalsagovUA.Sprint6.Task5.V17.Test\Tyuiu.MalsagovUA.Sprint6.Task5.V17.Test.csproj", "{4BFB845E-A9EF-4401-9DCB-34EAF77D0DCA}"
EndProject
Project("{2150E333-8FDC-42A3-9474-1A3956D46DE8}") = "Task6", "Task6", "{C2CF1C9E-70A7-40AF-9D90-E4361C9D23DB}"
EndProject
Project("{FAE04EC0-301F-11D3-BF4B-00C04F79EFBC}") = "Tyuiu.MalsagovUA.Sprint6.Task6.V1", "Tyuiu.MalsagovUA.Sprint6.Task6.V1\Tyuiu.MalsagovUA.Sprint6.Task6.V1.csproj", "{2625E3E6-029E-4705-8FBE-8338C5A47852}"
EndProject
Project("{FAE04EC0-301F-11D3-BF4B-00C04F79EFBC}") = "Tyuiu.MalsagovUA.Sprint6.Task6.V1.Lib", "Tyuiu.MalsagovUA.Sprint6.Task6.V1.Lib\Tyuiu.MalsagovUA.Sprint6.Task6.V1.Lib.csproj", "{57D8CB6F-65FD-499A-9174-81F663EB541B}"
EndProject
Project("{FAE04EC0-301F-11D3-BF4B-00C04F79EFBC}") = "Tyuiu.MalsagovUA.Sprint6.Task6.V1.Test", "Tyuiu.MalsagovUA.Sprint6.Task6.V1.Test\Tyuiu.MalsagovUA.Sprint6.Task6.V1.Test.csproj", "{37F791FA-2AC7-4F22-9F68-7C9F2CAB24F8}"
EndProject
Global
	GlobalSection(SolutionConfigurationPlatforms) = preSolution
		Debug|Any CPU = Debug|Any CPU
		Release|Any CPU = Release|Any CPU
	EndGlobalSection
	GlobalSection(ProjectConfigurationPlatforms) = postSolution
		{E7201AD3-D0CA-4197-AFBF-30A300DAA4B2}.Debug|Any CPU.ActiveCfg = Debug|Any CPU
		{E7201AD3-D0CA-4197-AFBF-30A300DAA4B2}.Debug|Any CPU.Build.0 = Debug|Any CPU
		{E7201AD3-D0CA-4197-AFBF-30A300DAA4B2}.Release|Any CPU.ActiveCfg = Release|Any CPU
		{E7201AD3-D0CA-4197-AFBF-30A300DAA4B2}.Release|Any CPU.Build.0 = Release|Any CPU
		{0B65CDB9-3D8D-4DBB-85F7-89D9600A4EE7}.Debug|Any CPU.ActiveCfg = Debug|Any CPU
		{0B65CDB9-3D8D-4DBB-85F7-89D9600A4EE7}.Debug|Any CPU.Build.0 = Debug|Any CPU
		{0B65CDB9-3D8D-4DBB-85F7-89D9600A4EE7}.Release|Any CPU.ActiveCfg = Release|Any CPU
		{0B65CDB9-3D8D-4DBB-85F7-89D9600A4EE7}.Release|Any CPU.Build.0 = Release|Any CPU
		{95992BFF-B2B6-46F7-A635-CA592F0E468F}.Debug|Any CPU.ActiveCfg = Debug|Any CPU
		{95992BFF-B2B6-46F7-A635-CA592F0E468F}.Debug|Any CPU.Build.0 = Debug|Any CPU
		{95992BFF-B2B6-46F7-A635-CA592F0E468F}.Release|Any CPU.ActiveCfg = Release|Any CPU
		{95992BFF-B2B6-46F7-A635-CA592F0E468F}.Release|Any CPU.Build.0 = Release|Any CPU
		{6A424375-0974-48ED-9206-42282E28C8C3}.Debug|Any CPU.ActiveCfg = Debug|Any CPU
		{6A424375-0974-48ED-9206-42282E28C8C3}.Debug|Any CPU.Build.0 = Debug|Any CPU
		{6A424375-0974-48ED-9206-42282E28C8C3}.Release|Any CPU.ActiveCfg = Release|Any CPU
		{6A424375-0974-48ED-9206-42282E28C8C3}.Release|Any CPU.Build.0 = Release|Any CPU
		{7BBC2547-FDD5-41D4-B2F9-D0CCFF03BEED}.Debug|Any CPU.ActiveCfg = Debug|Any CPU
		{7BBC2547-FDD5-41D4-B2F9-D0CCFF03BEED}.Debug|Any CPU.Build.0 = Debug|Any CPU
		{7BBC2547-FDD5-41D4-B2F9-D0CCFF03BEED}.Release|Any CPU.ActiveCfg = Release|Any CPU
		{7BBC2547-FDD5-41D4-B2F9-D0CCFF03BEED}.Release|Any CPU.Build.0 = Release|Any CPU
		{63CA5F09-65B8-404A-8821-E45D29262C78}.Debug|Any CPU.ActiveCfg = Debug|Any CPU
		{63CA5F09-65B8-404A-8821-E45D29262C78}.Debug|Any CPU.Build.0 = Debug|Any CPU
		{63CA5F09-65B8-404A-8821-E45D29262C78}.Release|Any CPU.ActiveCfg = Release|Any CPU
		{63CA5F09-65B8-404A-8821-E45D29262C78}.Release|Any CPU.Build.0 = Release|Any CPU
		{2342D246-A43D-441F-8FE5-EDE344EB7E69}.Debug|Any CPU.ActiveCfg = Debug|Any CPU
		{2342D246-A43D-441F-8FE5-EDE344EB7E69}.Debug|Any CPU.Build.0 = Debug|Any CPU
		{2342D246-A43D-441F-8FE5-EDE344EB7E69}.Release|Any CPU.ActiveCfg = Release|Any CPU
		{2342D246-A43D-441F-8FE5-EDE344EB7E69}.Release|Any CPU.Build.0 = Release|Any CPU
		{73417422-91AC-43DE-B2E0-2F0E2D482BA6}.Debug|Any CPU.ActiveCfg = Debug|Any CPU
		{73417422-91AC-43DE-B2E0-2F0E2D482BA6}.Debug|Any CPU.Build.0 = Debug|Any CPU
		{73417422-91AC-43DE-B2E0-2F0E2D482BA6}.Release|Any CPU.ActiveCfg = Release|Any CPU
		{73417422-91AC-43DE-B2E0-2F0E2D482BA6}.Release|Any CPU.Build.0 = Release|Any CPU
		{1A7DAB0D-04B5-4999-AF6B-84A04AF6210D}.Debug|Any CPU.ActiveCfg = Debug|Any CPU
		{1A7DAB0D-04B5-4999-AF6B-84A04AF6210D}.Debug|Any CPU.Build.0 = Debug|Any CPU
		{1A7DAB0D-04B5-4999-AF6B-84A04AF6210D}.Release|Any CPU.ActiveCfg = Release|Any CPU
		{1A7DAB0D-04B5-4999-AF6B-84A04AF6210D}.Release|Any CPU.Build.0 = Release|Any CPU
		{F3333C13-7BB4-43A5-A50F-B30D7289E377}.Debug|Any CPU.ActiveCfg = Debug|Any CPU
		{F3333C13-7BB4-43A5-A50F-B30D7289E377}.Debug|Any CPU.Build.0 = Debug|Any CPU
		{F3333C13-7BB4-43A5-A50F-B30D7289E377}.Release|Any CPU.ActiveCfg = Release|Any CPU
		{F3333C13-7BB4-43A5-A50F-B30D7289E377}.Release|Any CPU.Build.0 = Release|Any CPU
		{285A1963-D541-47E7-8C30-85C036A67A4F}.Debug|Any CPU.ActiveCfg = Debug|Any CPU
		{285A1963-D541-47E7-8C30-85C036A67A4F}.Debug|Any CPU.Build.0 = Debug|Any CPU
		{285A1963-D541-47E7-8C30-85C036A67A4F}.Release|Any CPU.ActiveCfg = Release|Any CPU
		{285A1963-D541-47E7-8C30-85C036A67A4F}.Release|Any CPU.Build.0 = Release|Any CPU
		{A38AD163-D924-448B-BE07-D21DAB7CF2C6}.Debug|Any CPU.ActiveCfg = Debug|Any CPU
		{A38AD163-D924-448B-BE07-D21DAB7CF2C6}.Debug|Any CPU.Build.0 = Debug|Any CPU
		{A38AD163-D924-448B-BE07-D21DAB7CF2C6}.Release|Any CPU.ActiveCfg = Release|Any CPU
		{A38AD163-D924-448B-BE07-D21DAB7CF2C6}.Release|Any CPU.Build.0 = Release|Any CPU
		{AE38CBBE-A1C6-4590-AF9F-E9C30BDA2B41}.Debug|Any CPU.ActiveCfg = Debug|Any CPU
		{AE38CBBE-A1C6-4590-AF9F-E9C30BDA2B41}.Debug|Any CPU.Build.0 = Debug|Any CPU
		{AE38CBBE-A1C6-4590-AF9F-E9C30BDA2B41}.Release|Any CPU.ActiveCfg = Release|Any CPU
		{AE38CBBE-A1C6-4590-AF9F-E9C30BDA2B41}.Release|Any CPU.Build.0 = Release|Any CPU
		{32648259-3F7D-4D44-9DA3-05439AF6D179}.Debug|Any CPU.ActiveCfg = Debug|Any CPU
		{32648259-3F7D-4D44-9DA3-05439AF6D179}.Debug|Any CPU.Build.0 = Debug|Any CPU
		{32648259-3F7D-4D44-9DA3-05439AF6D179}.Release|Any CPU.ActiveCfg = Release|Any CPU
		{32648259-3F7D-4D44-9DA3-05439AF6D179}.Release|Any CPU.Build.0 = Release|Any CPU
		{894F9EB2-D144-4BF8-B3B2-1CC3FA5BFB03}.Debug|Any CPU.ActiveCfg = Debug|Any CPU
		{894F9EB2-D144-4BF8-B3B2-1CC3FA5BFB03}.Debug|Any CPU.Build.0 = Debug|Any CPU
		{894F9EB2-D144-4BF8-B3B2-1CC3FA5BFB03}.Release|Any CPU.ActiveCfg = Release|Any CPU
		{894F9EB2-D144-4BF8-B3B2-1CC3FA5BFB03}.Release|Any CPU.Build.0 = Release|Any CPU
		{DE9CCDB0-32F4-4B9E-9113-FE881315BF6A}.Debug|Any CPU.ActiveCfg = Debug|Any CPU
		{DE9CCDB0-32F4-4B9E-9113-FE881315BF6A}.Debug|Any CPU.Build.0 = Debug|Any CPU
		{DE9CCDB0-32F4-4B9E-9113-FE881315BF6A}.Release|Any CPU.ActiveCfg = Release|Any CPU
		{DE9CCDB0-32F4-4B9E-9113-FE881315BF6A}.Release|Any CPU.Build.0 = Release|Any CPU
		{21840C61-1699-480F-8400-0FC8DAB61CE4}.Debug|Any CPU.ActiveCfg = Debug|Any CPU
		{21840C61-1699-480F-8400-0FC8DAB61CE4}.Debug|Any CPU.Build.0 = Debug|Any CPU
		{21840C61-1699-480F-8400-0FC8DAB61CE4}.Release|Any CPU.ActiveCfg = Release|Any CPU
		{21840C61-1699-480F-8400-0FC8DAB61CE4}.Release|Any CPU.Build.0 = Release|Any CPU
		{4BFB845E-A9EF-4401-9DCB-34EAF77D0DCA}.Debug|Any CPU.ActiveCfg = Debug|Any CPU
		{4BFB845E-A9EF-4401-9DCB-34EAF77D0DCA}.Debug|Any CPU.Build.0 = Debug|Any CPU
		{4BFB845E-A9EF-4401-9DCB-34EAF77D0DCA}.Release|Any CPU.ActiveCfg = Release|Any CPU
		{4BFB845E-A9EF-4401-9DCB-34EAF77D0DCA}.Release|Any CPU.Build.0 = Release|Any CPU
		{2625E3E6-029E-4705-8FBE-8338C5A47852}.Debug|Any CPU.ActiveCfg = Debug|Any CPU
		{2625E3E6-029E-4705-8FBE-8338C5A47852}.Debug|Any CPU.Build.0 = Debug|Any CPU
		{2625E3E6-029E-4705-8FBE-8338C5A47852}.Release|Any CPU.ActiveCfg = Release|Any CPU
		{2625E3E6-029E-4705-8FBE-8338C5A47852}.Release|Any CPU.Build.0 = Release|Any CPU
		{57D8CB6F-65FD-499A-9174-81F663EB541B}.Debug|Any CPU.ActiveCfg = Debug|Any CPU
		{57D8CB6F-65FD-499A-9174-81F663EB541B}.Debug|Any CPU.Build.0 = Debug|Any CPU
		{57D8CB6F-65FD-499A-9174-81F663EB541B}.Release|Any CPU.ActiveCfg = Release|Any CPU
		{57D8CB6F-65FD-499A-9174-81F663EB541B}.Release|Any CPU.Build.0 = Release|Any CPU
		{37F791FA-2AC7-4F22-9F68-7C9F2CAB24F8}.Debug|Any CPU.ActiveCfg = Debug|Any CPU
		{37F791FA-2AC7-4F22-9F68-7C9F2CAB24F8}.Debug|Any CPU.Build.0 = Debug|Any CPU
		{37F791FA-2AC7-4F22-9F68-7C9F2CAB24F8}.Release|Any CPU.ActiveCfg = Release|Any CPU
		{37F791FA-2AC7-4F22-9F68-7C9F2CAB24F8}.Release|Any CPU.Build.0 = Release|Any CPU
	EndGlobalSection
	GlobalSection(SolutionProperties) = preSolution
		HideSolutionNode = FALSE
	EndGlobalSection
	GlobalSection(NestedProjects) = preSolution
		{E7201AD3-D0CA-4197-AFBF-30A300DAA4B2} = {906414A4-C912-41D4-9DB4-886065E6773E}
		{0B65CDB9-3D8D-4DBB-85F7-89D9600A4EE7} = {906414A4-C912-41D4-9DB4-886065E6773E}
		{95992BFF-B2B6-46F7-A635-CA592F0E468F} = {906414A4-C912-41D4-9DB4-886065E6773E}
		{6A424375-0974-48ED-9206-42282E28C8C3} = {510692A9-9042-4E7D-A9DE-958F13F26FC6}
		{7BBC2547-FDD5-41D4-B2F9-D0CCFF03BEED} = {510692A9-9042-4E7D-A9DE-958F13F26FC6}
		{63CA5F09-65B8-404A-8821-E45D29262C78} = {510692A9-9042-4E7D-A9DE-958F13F26FC6}
		{2342D246-A43D-441F-8FE5-EDE344EB7E69} = {A092C174-96FF-49CE-AE16-5F1FBC8653AF}
		{73417422-91AC-43DE-B2E0-2F0E2D482BA6} = {A092C174-96FF-49CE-AE16-5F1FBC8653AF}
		{1A7DAB0D-04B5-4999-AF6B-84A04AF6210D} = {A092C174-96FF-49CE-AE16-5F1FBC8653AF}
		{F3333C13-7BB4-43A5-A50F-B30D7289E377} = {454DDE0A-BA60-4463-A2FC-28AF24ECD5B4}
		{285A1963-D541-47E7-8C30-85C036A67A4F} = {454DDE0A-BA60-4463-A2FC-28AF24ECD5B4}
		{A38AD163-D924-448B-BE07-D21DAB7CF2C6} = {454DDE0A-BA60-4463-A2FC-28AF24ECD5B4}
		{AE38CBBE-A1C6-4590-AF9F-E9C30BDA2B41} = {B21C9116-CDD6-4FD4-85CC-57998AC9308B}
		{32648259-3F7D-4D44-9DA3-05439AF6D179} = {B21C9116-CDD6-4FD4-85CC-57998AC9308B}
		{894F9EB2-D144-4BF8-B3B2-1CC3FA5BFB03} = {B21C9116-CDD6-4FD4-85CC-57998AC9308B}
		{DE9CCDB0-32F4-4B9E-9113-FE881315BF6A} = {2A8E38C8-2510-45D5-8D79-E14A471B5ED6}
		{21840C61-1699-480F-8400-0FC8DAB61CE4} = {2A8E38C8-2510-45D5-8D79-E14A471B5ED6}
		{4BFB845E-A9EF-4401-9DCB-34EAF77D0DCA} = {2A8E38C8-2510-45D5-8D79-E14A471B5ED6}
		{2625E3E6-029E-4705-8FBE-8338C5A47852} = {C2CF1C9E-70A7-40AF-9D90-E4361C9D23DB}
		{57D8CB6F-65FD-499A-9174-81F663EB541B} = {C2CF1C9E-70A7-40AF-9D90-E4361C9D23DB}
		{37F791FA-2AC7-4F22-9F68-7C9F2CAB24F8} = {C2CF1C9E-70A7-40AF-9D90-E4361C9D23DB}
	EndGlobalSection
	GlobalSection(ExtensibilityGlobals) = postSolution
		SolutionGuid = {3E0FEBB0-0C4B-448D-84DE-C71298FE684D}
	EndGlobalSection
EndGlobal
